{
  "nodes": {
    "nixpkgs": {
      "locked": {
        "lastModified": 1678575533,
        "narHash": "sha256-TiHxMuIrEzxvwyXcuvoNn2oWqUTgB9gOt+vwwQzJxRs=",
        "owner": "NixOS",
        "repo": "nixpkgs",
        "rev": "2dbef07f0972d636402035155d2bfaf9cc4507a9",
        "type": "github"
      },
      "original": {
        "owner": "NixOS",
        "ref": "master",
        "repo": "nixpkgs",
        "type": "github"
      }
    },
    "root": {
      "inputs": {
        "nixpkgs": "nixpkgs"
      }
    }
  },
  "root": "root",
  "version": 7
}
